Microsoft Visual Studio Solution File, Format Version 12.00
# Visual Studio Version 17
VisualStudioVersion = 17.5.2.0
MinimumVisualStudioVersion = 10.0.40219.1
Project("{FAE04EC0-301F-11D3-BF4B-00C04F79EFBC}") = "dotnet-currency-converter", "dotnet-currency-converter.csproj", "{285D06CC-37EA-706F-1542-AB087460D285}"
EndProject
Global
	GlobalSection(SolutionConfigurationPlatforms) = preSolution
		Debug|Any CPU = Debug|Any CPU
		Release|Any CPU = Release|Any CPU
	EndGlobalSection
	GlobalSection(ProjectConfigurationPlatforms) = postSolution
		{285D06CC-37EA-706F-1542-AB087460D285}.Debug|Any CPU.ActiveCfg = Debug|Any CPU
		{285D06CC-37EA-706F-1542-AB087460D285}.Debug|Any CPU.Build.0 = Debug|Any CPU
		{285D06CC-37EA-706F-1542-AB087460D285}.Release|Any CPU.ActiveCfg = Release|Any CPU
		{285D06CC-37EA-706F-1542-AB087460D285}.Release|Any CPU.Build.0 = Release|Any CPU
	EndGlobalSection
	GlobalSection(SolutionProperties) = preSolution
		HideSolutionNode = FALSE
	EndGlobalSection
	GlobalSection(ExtensibilityGlobals) = postSolution
		SolutionGuid = {7BADAF57-141A-4D04-BC96-501E0263669B}
	EndGlobalSection
EndGlobal
